
Microsoft Visual Studio Solution File, Format Version 12.00
# Visual Studio Version 17
VisualStudioVersion = 17.8.34525.116
MinimumVisualStudioVersion = 10.0.40219.1
Project("{FAE04EC0-301F-11D3-BF4B-00C04F79EFBC}") = "velocity calculator", "velocity calculator\velocity calculator.csproj", "{5F633E16-C52D-49ED-95BE-02260D5CCF76}"
EndProject
Global
	GlobalSection(SolutionConfigurationPlatforms) = preSolution
		Debug|Any CPU = Debug|Any CPU
		Release|Any CPU = Release|Any CPU
	EndGlobalSection
	GlobalSection(ProjectConfigurationPlatforms) = postSolution
		{5F633E16-C52D-49ED-95BE-02260D5CCF76}.Debug|Any CPU.ActiveCfg = Debug|Any CPU
		{5F633E16-C52D-49ED-95BE-02260D5CCF76}.Debug|Any CPU.Build.0 = Debug|Any CPU
		{5F633E16-C52D-49ED-95BE-02260D5CCF76}.Release|Any CPU.ActiveCfg = Release|Any CPU
		{5F633E16-C52D-49ED-95BE-02260D5CCF76}.Release|Any CPU.Build.0 = Release|Any CPU
	EndGlobalSection
	GlobalSection(SolutionProperties) = preSolution
		HideSolutionNode = FALSE
	EndGlobalSection
	GlobalSection(ExtensibilityGlobals) = postSolution
		SolutionGuid = {CAE4714F-B601-498F-BBFE-29225F23A41B}
	EndGlobalSection
EndGlobal
